
Microsoft Visual Studio Solution File, Format Version 12.00
# Visual Studio 15
VisualStudioVersion = 15.0.28307.271
MinimumVisualStudioVersion = 10.0.40219.1
Project("{FAE04EC0-301F-11D3-BF4B-00C04F79EFBC}") = "FiefApp", "FiefApp\FiefApp.csproj", "{65590FE9-BF38-4C12-A115-C92DF9E86B9B}"
EndProject
Project("{FAE04EC0-301F-11D3-BF4B-00C04F79EFBC}") = "FiefApp.Common.Infrastructure", "FiefApp.Common.Infrastructure\FiefApp.Common.Infrastructure.csproj", "{4532EAA9-7D4B-46C9-81C1-4E7362F23883}"
EndProject
Project("{2150E333-8FDC-42A3-9474-1A3956D46DE8}") = "FiefApp.Common", "FiefApp.Common", "{5062A65A-117E-4F78-90BB-1AC8EA3D53EA}"
EndProject
Project("{2150E333-8FDC-42A3-9474-1A3956D46DE8}") = "Modules", "Modules", "{7D8A25D8-6377-4A59-AAEE-F4A9DBE2C7F3}"
EndProject
Project("{FAE04EC0-301F-11D3-BF4B-00C04F79EFBC}") = "FiefApp.Module.Information", "FiefApp.Module.Information\FiefApp.Module.Information.csproj", "{8AF2FC59-09F5-4D27-B404-917F57474184}"
EndProject
Project("{FAE04EC0-301F-11D3-BF4B-00C04F79EFBC}") = "FiefApp.Module.Army", "FiefApp.Module.Army\FiefApp.Module.Army.csproj", "{E9E9D3BB-B5C5-479A-83AC-487EF849CB81}"
EndProject
Project("{FAE04EC0-301F-11D3-BF4B-00C04F79EFBC}") = "FiefApp.Module.Employees", "FiefApp.Module.Employees\FiefApp.Module.Employees.csproj", "{67CC9DAF-BAF9-454B-9E51-579D25B19617}"
EndProject
Project("{FAE04EC0-301F-11D3-BF4B-00C04F79EFBC}") = "FiefApp.Module.Manor", "FiefApp.Module.Manor\FiefApp.Module.Manor.csproj", "{A7CCD305-AAD8-43A7-BB94-70AA91F181E5}"
EndProject
Project("{FAE04EC0-301F-11D3-BF4B-00C04F79EFBC}") = "FiefApp.Module.Income", "FiefApp.Module.Income\FiefApp.Module.Income.csproj", "{12716B6B-7A72-4789-AB47-86A9CB8B9552}"
EndProject
Project("{FAE04EC0-301F-11D3-BF4B-00C04F79EFBC}") = "FiefApp.Module.Boatbuilding", "FiefApp.Module.Boatbuilding\FiefApp.Module.Boatbuilding.csproj", "{FB5ED1DF-3D98-426C-BCD9-6355E514B239}"
EndProject
Project("{FAE04EC0-301F-11D3-BF4B-00C04F79EFBC}") = "FiefApp.Module.Expenses", "FiefApp.Module.Expenses\FiefApp.Module.Expenses.csproj", "{06C1DE55-1B0D-483A-AB8F-9860E143C62D}"
EndProject
Project("{FAE04EC0-301F-11D3-BF4B-00C04F79EFBC}") = "FiefApp.Module.Stewards", "FiefApp.Module.Stewards\FiefApp.Module.Stewards.csproj", "{00355DAE-84DD-4F5D-9E40-D1C4A768E0CB}"
EndProject
Project("{FAE04EC0-301F-11D3-BF4B-00C04F79EFBC}") = "FiefApp.Module.Subsidiary", "FiefApp.Module.Subsidiary\FiefApp.Module.Subsidiary.csproj", "{DF745520-D1EE-4A4C-9A43-C06490D5A466}"
EndProject
Project("{FAE04EC0-301F-11D3-BF4B-00C04F79EFBC}") = "FiefApp.Module.Buildings", "FiefApp.Module.Buildings\FiefApp.Module.Buildings.csproj", "{C29DCABD-3168-480E-9793-572D2DDD1F88}"
EndProject
Project("{FAE04EC0-301F-11D3-BF4B-00C04F79EFBC}") = "FiefApp.Module.Weather", "FiefApp.Module.Weather\FiefApp.Module.Weather.csproj", "{C5A32C68-0E88-4DB9-AB52-1A65A7567732}"
EndProject
Project("{FAE04EC0-301F-11D3-BF4B-00C04F79EFBC}") = "FiefApp.Module.EndOfYear", "FiefApp.Module.EndOfYear\FiefApp.Module.EndOfYear.csproj", "{FD8180A6-53C7-4C1C-88DD-63D6F04AC45E}"
EndProject
Project("{FAE04EC0-301F-11D3-BF4B-00C04F79EFBC}") = "FiefApp.Module.Trade", "FiefApp.Module.Trade\FiefApp.Module.Trade.csproj", "{2FAC5AD8-B95B-4BD0-8616-87D4EB945A22}"
EndProject
Project("{FAE04EC0-301F-11D3-BF4B-00C04F79EFBC}") = "FiefApp.Module.Supply", "FiefApp.Module.Supply\FiefApp.Module.Supply.csproj", "{A9DEB087-65EA-41DE-9FC6-87B2EA69F26A}"
EndProject
Project("{FAE04EC0-301F-11D3-BF4B-00C04F79EFBC}") = "FiefApp.Module.Port", "FiefApp.Module.Port\FiefApp.Module.Port.csproj", "{D2462406-6408-4CAA-A45A-E8349F88371C}"
EndProject
Project("{FAE04EC0-301F-11D3-BF4B-00C04F79EFBC}") = "FiefApp.Module.Mines", "FiefApp.Module.Mines\FiefApp.Module.Mines.csproj", "{B26F1953-951B-4F2F-B20F-1BBE9C4C8580}"
EndProject
Global
	GlobalSection(SolutionConfigurationPlatforms) = preSolution
		Debug|Any CPU = Debug|Any CPU
		Release|Any CPU = Release|Any CPU
		Description = Förlänings Application
	EndGlobalSection
	GlobalSection(ProjectConfigurationPlatforms) = postSolution
		{65590FE9-BF38-4C12-A115-C92DF9E86B9B}.Debug|Any CPU.ActiveCfg = Debug|Any CPU
		{65590FE9-BF38-4C12-A115-C92DF9E86B9B}.Debug|Any CPU.Build.0 = Debug|Any CPU
		{65590FE9-BF38-4C12-A115-C92DF9E86B9B}.Release|Any CPU.ActiveCfg = Release|Any CPU
		{65590FE9-BF38-4C12-A115-C92DF9E86B9B}.Release|Any CPU.Build.0 = Release|Any CPU
		{4532EAA9-7D4B-46C9-81C1-4E7362F23883}.Debug|Any CPU.ActiveCfg = Debug|Any CPU
		{4532EAA9-7D4B-46C9-81C1-4E7362F23883}.Debug|Any CPU.Build.0 = Debug|Any CPU
		{4532EAA9-7D4B-46C9-81C1-4E7362F23883}.Release|Any CPU.ActiveCfg = Release|Any CPU
		{4532EAA9-7D4B-46C9-81C1-4E7362F23883}.Release|Any CPU.Build.0 = Release|Any CPU
		{8AF2FC59-09F5-4D27-B404-917F57474184}.Debug|Any CPU.ActiveCfg = Debug|Any CPU
		{8AF2FC59-09F5-4D27-B404-917F57474184}.Debug|Any CPU.Build.0 = Debug|Any CPU
		{8AF2FC59-09F5-4D27-B404-917F57474184}.Release|Any CPU.ActiveCfg = Release|Any CPU
		{8AF2FC59-09F5-4D27-B404-917F57474184}.Release|Any CPU.Build.0 = Release|Any CPU
		{E9E9D3BB-B5C5-479A-83AC-487EF849CB81}.Debug|Any CPU.ActiveCfg = Debug|Any CPU
		{E9E9D3BB-B5C5-479A-83AC-487EF849CB81}.Debug|Any CPU.Build.0 = Debug|Any CPU
		{E9E9D3BB-B5C5-479A-83AC-487EF849CB81}.Release|Any CPU.ActiveCfg = Release|Any CPU
		{E9E9D3BB-B5C5-479A-83AC-487EF849CB81}.Release|Any CPU.Build.0 = Release|Any CPU
		{67CC9DAF-BAF9-454B-9E51-579D25B19617}.Debug|Any CPU.ActiveCfg = Debug|Any CPU
		{67CC9DAF-BAF9-454B-9E51-579D25B19617}.Debug|Any CPU.Build.0 = Debug|Any CPU
		{67CC9DAF-BAF9-454B-9E51-579D25B19617}.Release|Any CPU.ActiveCfg = Release|Any CPU
		{67CC9DAF-BAF9-454B-9E51-579D25B19617}.Release|Any CPU.Build.0 = Release|Any CPU
		{A7CCD305-AAD8-43A7-BB94-70AA91F181E5}.Debug|Any CPU.ActiveCfg = Debug|Any CPU
		{A7CCD305-AAD8-43A7-BB94-70AA91F181E5}.Debug|Any CPU.Build.0 = Debug|Any CPU
		{A7CCD305-AAD8-43A7-BB94-70AA91F181E5}.Release|Any CPU.ActiveCfg = Release|Any CPU
		{A7CCD305-AAD8-43A7-BB94-70AA91F181E5}.Release|Any CPU.Build.0 = Release|Any CPU
		{12716B6B-7A72-4789-AB47-86A9CB8B9552}.Debug|Any CPU.ActiveCfg = Debug|Any CPU
		{12716B6B-7A72-4789-AB47-86A9CB8B9552}.Debug|Any CPU.Build.0 = Debug|Any CPU
		{12716B6B-7A72-4789-AB47-86A9CB8B9552}.Release|Any CPU.ActiveCfg = Release|Any CPU
		{12716B6B-7A72-4789-AB47-86A9CB8B9552}.Release|Any CPU.Build.0 = Release|Any CPU
		{FB5ED1DF-3D98-426C-BCD9-6355E514B239}.Debug|Any CPU.ActiveCfg = Debug|Any CPU
		{FB5ED1DF-3D98-426C-BCD9-6355E514B239}.Debug|Any CPU.Build.0 = Debug|Any CPU
		{FB5ED1DF-3D98-426C-BCD9-6355E514B239}.Release|Any CPU.ActiveCfg = Release|Any CPU
		{FB5ED1DF-3D98-426C-BCD9-6355E514B239}.Release|Any CPU.Build.0 = Release|Any CPU
		{06C1DE55-1B0D-483A-AB8F-9860E143C62D}.Debug|Any CPU.ActiveCfg = Debug|Any CPU
		{06C1DE55-1B0D-483A-AB8F-9860E143C62D}.Debug|Any CPU.Build.0 = Debug|Any CPU
		{06C1DE55-1B0D-483A-AB8F-9860E143C62D}.Release|Any CPU.ActiveCfg = Release|Any CPU
		{06C1DE55-1B0D-483A-AB8F-9860E143C62D}.Release|Any CPU.Build.0 = Release|Any CPU
		{00355DAE-84DD-4F5D-9E40-D1C4A768E0CB}.Debug|Any CPU.ActiveCfg = Debug|Any CPU
		{00355DAE-84DD-4F5D-9E40-D1C4A768E0CB}.Debug|Any CPU.Build.0 = Debug|Any CPU
		{00355DAE-84DD-4F5D-9E40-D1C4A768E0CB}.Release|Any CPU.ActiveCfg = Release|Any CPU
		{00355DAE-84DD-4F5D-9E40-D1C4A768E0CB}.Release|Any CPU.Build.0 = Release|Any CPU
		{DF745520-D1EE-4A4C-9A43-C06490D5A466}.Debug|Any CPU.ActiveCfg = Debug|Any CPU
		{DF745520-D1EE-4A4C-9A43-C06490D5A466}.Debug|Any CPU.Build.0 = Debug|Any CPU
		{DF745520-D1EE-4A4C-9A43-C06490D5A466}.Release|Any CPU.ActiveCfg = Release|Any CPU
		{DF745520-D1EE-4A4C-9A43-C06490D5A466}.Release|Any CPU.Build.0 = Release|Any CPU
		{C29DCABD-3168-480E-9793-572D2DDD1F88}.Debug|Any CPU.ActiveCfg = Debug|Any CPU
		{C29DCABD-3168-480E-9793-572D2DDD1F88}.Debug|Any CPU.Build.0 = Debug|Any CPU
		{C29DCABD-3168-480E-9793-572D2DDD1F88}.Release|Any CPU.ActiveCfg = Release|Any CPU
		{C29DCABD-3168-480E-9793-572D2DDD1F88}.Release|Any CPU.Build.0 = Release|Any CPU
		{C5A32C68-0E88-4DB9-AB52-1A65A7567732}.Debug|Any CPU.ActiveCfg = Debug|Any CPU
		{C5A32C68-0E88-4DB9-AB52-1A65A7567732}.Debug|Any CPU.Build.0 = Debug|Any CPU
		{C5A32C68-0E88-4DB9-AB52-1A65A7567732}.Release|Any CPU.ActiveCfg = Release|Any CPU
		{C5A32C68-0E88-4DB9-AB52-1A65A7567732}.Release|Any CPU.Build.0 = Release|Any CPU
		{FD8180A6-53C7-4C1C-88DD-63D6F04AC45E}.Debug|Any CPU.ActiveCfg = Debug|Any CPU
		{FD8180A6-53C7-4C1C-88DD-63D6F04AC45E}.Debug|Any CPU.Build.0 = Debug|Any CPU
		{FD8180A6-53C7-4C1C-88DD-63D6F04AC45E}.Release|Any CPU.ActiveCfg = Release|Any CPU
		{FD8180A6-53C7-4C1C-88DD-63D6F04AC45E}.Release|Any CPU.Build.0 = Release|Any CPU
		{2FAC5AD8-B95B-4BD0-8616-87D4EB945A22}.Debug|Any CPU.ActiveCfg = Debug|Any CPU
		{2FAC5AD8-B95B-4BD0-8616-87D4EB945A22}.Debug|Any CPU.Build.0 = Debug|Any CPU
		{2FAC5AD8-B95B-4BD0-8616-87D4EB945A22}.Release|Any CPU.ActiveCfg = Release|Any CPU
		{2FAC5AD8-B95B-4BD0-8616-87D4EB945A22}.Release|Any CPU.Build.0 = Release|Any CPU
		{A9DEB087-65EA-41DE-9FC6-87B2EA69F26A}.Debug|Any CPU.ActiveCfg = Debug|Any CPU
		{A9DEB087-65EA-41DE-9FC6-87B2EA69F26A}.Debug|Any CPU.Build.0 = Debug|Any CPU
		{A9DEB087-65EA-41DE-9FC6-87B2EA69F26A}.Release|Any CPU.ActiveCfg = Release|Any CPU
		{A9DEB087-65EA-41DE-9FC6-87B2EA69F26A}.Release|Any CPU.Build.0 = Release|Any CPU
		{D2462406-6408-4CAA-A45A-E8349F88371C}.Debug|Any CPU.ActiveCfg = Debug|Any CPU
		{D2462406-6408-4CAA-A45A-E8349F88371C}.Debug|Any CPU.Build.0 = Debug|Any CPU
		{D2462406-6408-4CAA-A45A-E8349F88371C}.Release|Any CPU.ActiveCfg = Release|Any CPU
		{D2462406-6408-4CAA-A45A-E8349F88371C}.Release|Any CPU.Build.0 = Release|Any CPU
		{B26F1953-951B-4F2F-B20F-1BBE9C4C8580}.Debug|Any CPU.ActiveCfg = Debug|Any CPU
		{B26F1953-951B-4F2F-B20F-1BBE9C4C8580}.Debug|Any CPU.Build.0 = Debug|Any CPU
		{B26F1953-951B-4F2F-B20F-1BBE9C4C8580}.Release|Any CPU.ActiveCfg = Release|Any CPU
		{B26F1953-951B-4F2F-B20F-1BBE9C4C8580}.Release|Any CPU.Build.0 = Release|Any CPU
	EndGlobalSection
	GlobalSection(SolutionProperties) = preSolution
		HideSolutionNode = FALSE
	EndGlobalSection
	GlobalSection(NestedProjects) = preSolution
		{4532EAA9-7D4B-46C9-81C1-4E7362F23883} = {5062A65A-117E-4F78-90BB-1AC8EA3D53EA}
		{8AF2FC59-09F5-4D27-B404-917F57474184} = {7D8A25D8-6377-4A59-AAEE-F4A9DBE2C7F3}
		{E9E9D3BB-B5C5-479A-83AC-487EF849CB81} = {7D8A25D8-6377-4A59-AAEE-F4A9DBE2C7F3}
		{67CC9DAF-BAF9-454B-9E51-579D25B19617} = {7D8A25D8-6377-4A59-AAEE-F4A9DBE2C7F3}
		{A7CCD305-AAD8-43A7-BB94-70AA91F181E5} = {7D8A25D8-6377-4A59-AAEE-F4A9DBE2C7F3}
		{12716B6B-7A72-4789-AB47-86A9CB8B9552} = {7D8A25D8-6377-4A59-AAEE-F4A9DBE2C7F3}
		{FB5ED1DF-3D98-426C-BCD9-6355E514B239} = {7D8A25D8-6377-4A59-AAEE-F4A9DBE2C7F3}
		{06C1DE55-1B0D-483A-AB8F-9860E143C62D} = {7D8A25D8-6377-4A59-AAEE-F4A9DBE2C7F3}
		{00355DAE-84DD-4F5D-9E40-D1C4A768E0CB} = {7D8A25D8-6377-4A59-AAEE-F4A9DBE2C7F3}
		{DF745520-D1EE-4A4C-9A43-C06490D5A466} = {7D8A25D8-6377-4A59-AAEE-F4A9DBE2C7F3}
		{C29DCABD-3168-480E-9793-572D2DDD1F88} = {7D8A25D8-6377-4A59-AAEE-F4A9DBE2C7F3}
		{C5A32C68-0E88-4DB9-AB52-1A65A7567732} = {7D8A25D8-6377-4A59-AAEE-F4A9DBE2C7F3}
		{FD8180A6-53C7-4C1C-88DD-63D6F04AC45E} = {7D8A25D8-6377-4A59-AAEE-F4A9DBE2C7F3}
		{2FAC5AD8-B95B-4BD0-8616-87D4EB945A22} = {7D8A25D8-6377-4A59-AAEE-F4A9DBE2C7F3}
		{A9DEB087-65EA-41DE-9FC6-87B2EA69F26A} = {7D8A25D8-6377-4A59-AAEE-F4A9DBE2C7F3}
		{D2462406-6408-4CAA-A45A-E8349F88371C} = {7D8A25D8-6377-4A59-AAEE-F4A9DBE2C7F3}
		{B26F1953-951B-4F2F-B20F-1BBE9C4C8580} = {7D8A25D8-6377-4A59-AAEE-F4A9DBE2C7F3}
	EndGlobalSection
	GlobalSection(ExtensibilityGlobals) = postSolution
		SolutionGuid = {4EB83255-042E-4EE9-B020-B80418319084}
	EndGlobalSection
EndGlobal
